# THIS IS AN AUTOGENERATED FILE. DO NOT EDIT THIS FILE DIRECTLY.
# yarn lockfile v1


hanzi-writer@^1.2.0:
  version "1.2.0"
  resolved "https://registry.yarnpkg.com/hanzi-writer/-/hanzi-writer-1.2.0.tgz#c7fd691fa7ee5d2696948533a74061588d5b5daf"
  integrity sha512-f4IRiBXRkHKTCFbNMPPhubkRxyfh51ziZ7cnoooEJo95okx7rtPnNBIDqmENbeeaXphyfl7uG1yUg0dnBNzisA==
