# THIS IS AN AUTOGENERATED FILE. DO NOT EDIT THIS FILE DIRECTLY.
# yarn lockfile v1


hanzi-writer@^3.3.0:
  version "3.3.0"
  resolved "https://registry.yarnpkg.com/hanzi-writer/-/hanzi-writer-3.3.0.tgz#13e0da50e127d98ff870f017a8330eefe289398f"
  integrity sha512-YDCDGoglK89D7AIbC+yc8jz4R3iRAH1gMHs3MTHsIJzexh7/WL0Fzk2Agy4kbbhhZz7097az8MGCzX7XK/Ei8A==
